dependencies:
- name: rescue-ai-api
  repository: file://../rescue-ai-api
  version: 0.1.0
- name: rescue-ai-sync-worker
  repository: file://../rescue-ai-sync-worker
  version: 0.1.0
- name: rescue-ai-nav-engine
  repository: file://../rescue-ai-nav-engine
  version: 0.1.0
- name: rescue-ai-detection
  repository: file://../rescue-ai-detection
  version: 0.1.0
- name: rescue-ai-batch-exporter
  repository: file://../rescue-ai-batch-exporter
  version: 0.1.0
- name: postgresql
  repository: https://charts.bitnami.com/bitnami
  version: 15.5.38
- name: minio
  repository: https://charts.bitnami.com/bitnami
  version: 14.7.16
- name: vault
  repository: https://helm.releases.hashicorp.com
  version: 0.30.0
- name: airflow
  repository: https://airflow.apache.org
  version: 1.15.0
digest: sha256:024ec4f5ea66c6bab2d22ba2185bbba7d709fa9b8714963116f5daa61544ea41
generated: "2026-05-20T19:24:34.748747+03:00"
